memo = "5e14b781404a262f09b8acb628f9990b9eba6e0b022e746e9714da98546a6181"

[[projects]]
  branch = "master"
  name = "github.com/StackExchange/wmi"
  packages = ["."]
  revision = "ea383cf3ba6ec950874b8486cd72356d007c768f"

[[projects]]
  branch = "master"
  name = "github.com/dustin/go-humanize"
  packages = ["."]
  revision = "bb3d318650d48840a39aa21a027c6630e198e626"

[[projects]]
  name = "github.com/go-ole/go-ole"
  packages = [".","oleutil"]
  revision = "0e87ea779d9deb219633b828a023b32e1244dd57"
  version = "v1.2.0"

[[projects]]
  branch = "master"
  name = "github.com/gotk3/gotk3"
  packages = ["cairo","gdk","glib","gtk","pango"]
  revision = "8364b1c62f2b942c9647d392b2980a60f87037da"

[[projects]]
  branch = "master"
  name = "github.com/mcuadros/go-octoprint"
  packages = ["."]
  revision = "706644f9e16a4d76ad35528aae506725b86f5f85"

[[projects]]
  name = "github.com/shirou/gopsutil"
  packages = ["internal/common","load","mem"]
  revision = "7ec06ec280df1dd1f08befc535049d49d63ae18a"
  version = "v2.17.12"

[[projects]]
  name = "github.com/sirupsen/logrus"
  packages = ["."]
  revision = "d682213848ed68c0a260ca37d6dd5ace8423f5ba"
  version = "v1.0.4"

[[projects]]
  branch = "master"
  name = "golang.org/x/crypto"
  packages = ["ssh/terminal"]
  revision = "0fcca4842a8d74bfddc2c96a073bd2a4d2a7a2e8"

[[projects]]
  branch = "master"
  name = "golang.org/x/sys"
  packages = ["unix","windows"]
  revision = "83801418e1b59fb1880e363299581ee543af32ca"
