memo = "43650b2e356bb2a65df12fa64ca2da4418bf1bb30ff116e57ad1bc2ff725187c"

[[projects]]
  branch = "master"
  name = "github.com/dustin/go-humanize"
  packages = ["."]
  revision = "bb3d318650d48840a39aa21a027c6630e198e626"

[[projects]]
  branch = "master"
  name = "github.com/gotk3/gotk3"
  packages = ["cairo","gdk","glib","gtk","pango"]
  revision = "8364b1c62f2b942c9647d392b2980a60f87037da"

[[projects]]
  branch = "master"
  name = "github.com/mcuadros/go-octoprint"
  packages = ["."]
  revision = "706644f9e16a4d76ad35528aae506725b86f5f85"

[[projects]]
  name = "github.com/sirupsen/logrus"
  packages = ["."]
  revision = "d682213848ed68c0a260ca37d6dd5ace8423f5ba"
  version = "v1.0.4"

[[projects]]
  branch = "master"
  name = "golang.org/x/crypto"
  packages = ["ssh/terminal"]
  revision = "0fcca4842a8d74bfddc2c96a073bd2a4d2a7a2e8"

[[projects]]
  branch = "master"
  name = "golang.org/x/sys"
  packages = ["unix","windows"]
  revision = "83801418e1b59fb1880e363299581ee543af32ca"
